# This file is automatically @generated by Cargo.
# It is not intended for manual editing.
version = 4

[[package]]
name = "language"
version = "0.1.0"
dependencies = [
 "lexer",
]

[[package]]
name = "lexer"
version = "0.1.0"
dependencies = [
 "owo-colors",
]

[[package]]
name = "owo-colors"
version = "4.2.1"
source = "registry+https://github.com/rust-lang/crates.io-index"
checksum = "26995317201fa17f3656c36716aed4a7c81743a9634ac4c99c0eeda495db0cec"
